
Microsoft Visual Studio Solution File, Format Version 12.00
# Visual Studio Version 16
VisualStudioVersion = 16.0.31702.278
MinimumVisualStudioVersion = 10.0.40219.1
Project("{FAE04EC0-301F-11D3-BF4B-00C04F79EFBC}") = "Prog_Task1_2022", "Prog_Task1_2022\Prog_Task1_2022.csproj", "{F049C448-C3CF-4542-8263-2EB67ACF5397}"
EndProject
Global
	GlobalSection(SolutionConfigurationPlatforms) = preSolution
		Debug|Any CPU = Debug|Any CPU
		Release|Any CPU = Release|Any CPU
	EndGlobalSection
	GlobalSection(ProjectConfigurationPlatforms) = postSolution
		{F049C448-C3CF-4542-8263-2EB67ACF5397}.Debug|Any CPU.ActiveCfg = Debug|Any CPU
		{F049C448-C3CF-4542-8263-2EB67ACF5397}.Debug|Any CPU.Build.0 = Debug|Any CPU
		{F049C448-C3CF-4542-8263-2EB67ACF5397}.Release|Any CPU.ActiveCfg = Release|Any CPU
		{F049C448-C3CF-4542-8263-2EB67ACF5397}.Release|Any CPU.Build.0 = Release|Any CPU
	EndGlobalSection
	GlobalSection(SolutionProperties) = preSolution
		HideSolutionNode = FALSE
	EndGlobalSection
	GlobalSection(ExtensibilityGlobals) = postSolution
		SolutionGuid = {DF718748-13E6-4F3E-8258-8908D1134AAD}
	EndGlobalSection
EndGlobal
